
Microsoft Visual Studio Solution File, Format Version 12.00
# Visual Studio 15
VisualStudioVersion = 15.0.27004.2008
MinimumVisualStudioVersion = 10.0.40219.1
Project("{FAE04EC0-301F-11D3-BF4B-00C04F79EFBC}") = "WinRadioTray", "WinRadioTray\WinRadioTray.csproj", "{350F5E45-9D28-4CC0-B2D3-5B9C3C54EDD9}"
EndProject
Global
	GlobalSection(SolutionConfigurationPlatforms) = preSolution
		Debug|Any CPU = Debug|Any CPU
		Release|Any CPU = Release|Any CPU
	EndGlobalSection
	GlobalSection(ProjectConfigurationPlatforms) = postSolution
		{350F5E45-9D28-4CC0-B2D3-5B9C3C54EDD9}.Debug|Any CPU.ActiveCfg = Debug|Any CPU
		{350F5E45-9D28-4CC0-B2D3-5B9C3C54EDD9}.Debug|Any CPU.Build.0 = Debug|Any CPU
		{350F5E45-9D28-4CC0-B2D3-5B9C3C54EDD9}.Release|Any CPU.ActiveCfg = Release|Any CPU
		{350F5E45-9D28-4CC0-B2D3-5B9C3C54EDD9}.Release|Any CPU.Build.0 = Release|Any CPU
	EndGlobalSection
	GlobalSection(SolutionProperties) = preSolution
		HideSolutionNode = FALSE
	EndGlobalSection
	GlobalSection(ExtensibilityGlobals) = postSolution
		SolutionGuid = {51F2A4DA-8FCB-42DD-8E41-838A32BB51DA}
	EndGlobalSection
EndGlobal
